// !$*UTF8*$!
{
	archiveVersion = 1;
	classes = {
	};
	objectVersion = 56;
	objects = {

/* Begin PBXBuildFile section */
		84D100C56611DEAF9CB019F9 /* Preview Assets.xcassets in Resources */ = {isa = PBXBuildFile; fileRef = FE777EC5B430A4B5FD97E478 /* Preview Assets.xcassets */; };
		9890D5B22FF1142100B44174 /* Sparkle in Frameworks */ = {isa = PBXBuildFile; productRef = 9890D5B12FF1142100B44174 /* Sparkle */; };
		BB0000000000000000000001 /* AppDelegate.swift in Sources */ = {isa = PBXBuildFile; fileRef = AA0000000000000000000001 /* AppDelegate.swift */; };
		BB0000000000000000000002 /* PetSettings.swift in Sources */ = {isa = PBXBuildFile; fileRef = AA0000000000000000000002 /* PetSettings.swift */; };
		BB0000000000000000000003 /* ClipboardManager.swift in Sources */ = {isa = PBXBuildFile; fileRef = AA0000000000000000000003 /* ClipboardManager.swift */; };
		BB0000000000000000000004 /* PetEngine.swift in Sources */ = {isa = PBXBuildFile; fileRef = AA0000000000000000000004 /* PetEngine.swift */; };
		BB0000000000000000000005 /* PetController.swift in Sources */ = {isa = PBXBuildFile; fileRef = AA0000000000000000000005 /* PetController.swift */; };
		BB0000000000000000000006 /* PixelCatView.swift in Sources */ = {isa = PBXBuildFile; fileRef = AA0000000000000000000006 /* PixelCatView.swift */; };
		BB0000000000000000000007 /* PetView.swift in Sources */ = {isa = PBXBuildFile; fileRef = AA0000000000000000000007 /* PetView.swift */; };
		BB0000000000000000000008 /* ClipboardHistoryView.swift in Sources */ = {isa = PBXBuildFile; fileRef = AA0000000000000000000008 /* ClipboardHistoryView.swift */; };
		BB0000000000000000000009 /* SettingsView.swift in Sources */ = {isa = PBXBuildFile; fileRef = AA0000000000000000000009 /* SettingsView.swift */; };
		BB0000000000000000000010 /* CatSprites.swift in Sources */ = {isa = PBXBuildFile; fileRef = AA0000000000000000000010 /* CatSprites.swift */; };
		BB0000000000000000000011 /* PetCatalog.swift in Sources */ = {isa = PBXBuildFile; fileRef = AA0000000000000000000011 /* PetCatalog.swift */; };
		BB0000000000000000000012 /* PixelUI.swift in Sources */ = {isa = PBXBuildFile; fileRef = AA0000000000000000000012 /* PixelUI.swift */; };
		BB0000000000000000000013 /* SpriteStore.swift in Sources */ = {isa = PBXBuildFile; fileRef = AA0000000000000000000013 /* SpriteStore.swift */; };
		BB0000000000000000000014 /* SpriteEditorView.swift in Sources */ = {isa = PBXBuildFile; fileRef = AA0000000000000000000014 /* SpriteEditorView.swift */; };
		BB0000000000000000000015 /* L10n.swift in Sources */ = {isa = PBXBuildFile; fileRef = AA0000000000000000000015 /* L10n.swift */; };
		BB0000000000000000000016 /* Skin.swift in Sources */ = {isa = PBXBuildFile; fileRef = AA0000000000000000000016 /* Skin.swift */; };
		BB0000000000000000000017 /* SkinManagerView.swift in Sources */ = {isa = PBXBuildFile; fileRef = AA0000000000000000000017 /* SkinManagerView.swift */; };
		BB0000000000000000000018 /* ImageToSprite.swift in Sources */ = {isa = PBXBuildFile; fileRef = AA0000000000000000000018 /* ImageToSprite.swift */; };
		BB0000000000000000000019 /* LaunchAtLogin.swift in Sources */ = {isa = PBXBuildFile; fileRef = AA0000000000000000000019 /* LaunchAtLogin.swift */; };
		BB0000000000000000000020 /* ClipFolderStore.swift in Sources */ = {isa = PBXBuildFile; fileRef = AA0000000000000000000020 /* ClipFolderStore.swift */; };
		BB0000000000000000000021 /* UpdaterController.swift in Sources */ = {isa = PBXBuildFile; fileRef = AA0000000000000000000021 /* UpdaterController.swift */; };
		BB0000000000000000000022 /* LicenseManager.swift in Sources */ = {isa = PBXBuildFile; fileRef = AA0000000000000000000022 /* LicenseManager.swift */; };
		BB0000000000000000000023 /* LicenseView.swift in Sources */ = {isa = PBXBuildFile; fileRef = AA0000000000000000000023 /* LicenseView.swift */; };
		DEAF279BFEDFCB8AAEAE1553 /* Assets.xcassets in Resources */ = {isa = PBXBuildFile; fileRef = 0AE6514C24CADC0D6E32F2A6 /* Assets.xcassets */; };
		E5DF10AD861F220F8B45E3F3 /* cliPetApp.swift in Sources */ = {isa = PBXBuildFile; fileRef = 65156133E047B9F9AF0903C3 /* cliPetApp.swift */; };
/* End PBXBuildFile section */

/* Begin PBXFileReference section */
		0AE6514C24CADC0D6E32F2A6 /* Assets.xcassets */ = {isa = PBXFileReference; lastKnownFileType = folder.assetcatalog; path = Assets.xcassets; sourceTree = "<group>"; };
		1F72C656AA4459CB3D528B5C /* cliPet.app */ = {isa = PBXFileReference; explicitFileType = wrapper.application; includeInIndex = 0; path = cliPet.app; sourceTree = BUILT_PRODUCTS_DIR; };
		65156133E047B9F9AF0903C3 /* cliPetApp.swift */ = {isa = PBXFileReference; lastKnownFileType = sourcecode.swift; path = cliPetApp.swift; sourceTree = "<group>"; };
		AA0000000000000000000001 /* AppDelegate.swift */ = {isa = PBXFileReference; lastKnownFileType = sourcecode.swift; path = AppDelegate.swift; sourceTree = "<group>"; };
		AA0000000000000000000002 /* PetSettings.swift */ = {isa = PBXFileReference; lastKnownFileType = sourcecode.swift; path = PetSettings.swift; sourceTree = "<group>"; };
		AA0000000000000000000003 /* ClipboardManager.swift */ = {isa = PBXFileReference; lastKnownFileType = sourcecode.swift; path = ClipboardManager.swift; sourceTree = "<group>"; };
		AA0000000000000000000004 /* PetEngine.swift */ = {isa = PBXFileReference; lastKnownFileType = sourcecode.swift; path = PetEngine.swift; sourceTree = "<group>"; };
		AA0000000000000000000005 /* PetController.swift */ = {isa = PBXFileReference; lastKnownFileType = sourcecode.swift; path = PetController.swift; sourceTree = "<group>"; };
		AA0000000000000000000006 /* PixelCatView.swift */ = {isa = PBXFileReference; lastKnownFileType = sourcecode.swift; path = PixelCatView.swift; sourceTree = "<group>"; };
		AA0000000000000000000007 /* PetView.swift */ = {isa = PBXFileReference; lastKnownFileType = sourcecode.swift; path = PetView.swift; sourceTree = "<group>"; };
		AA0000000000000000000008 /* ClipboardHistoryView.swift */ = {isa = PBXFileReference; lastKnownFileType = sourcecode.swift; path = ClipboardHistoryView.swift; sourceTree = "<group>"; };
		AA0000000000000000000009 /* SettingsView.swift */ = {isa = PBXFileReference; lastKnownFileType = sourcecode.swift; path = SettingsView.swift; sourceTree = "<group>"; };
		AA0000000000000000000010 /* CatSprites.swift */ = {isa = PBXFileReference; lastKnownFileType = sourcecode.swift; path = CatSprites.swift; sourceTree = "<group>"; };
		AA0000000000000000000011 /* PetCatalog.swift */ = {isa = PBXFileReference; lastKnownFileType = sourcecode.swift; path = PetCatalog.swift; sourceTree = "<group>"; };
		AA0000000000000000000012 /* PixelUI.swift */ = {isa = PBXFileReference; lastKnownFileType = sourcecode.swift; path = PixelUI.swift; sourceTree = "<group>"; };
		AA0000000000000000000013 /* SpriteStore.swift */ = {isa = PBXFileReference; lastKnownFileType = sourcecode.swift; path = SpriteStore.swift; sourceTree = "<group>"; };
		AA0000000000000000000014 /* SpriteEditorView.swift */ = {isa = PBXFileReference; lastKnownFileType = sourcecode.swift; path = SpriteEditorView.swift; sourceTree = "<group>"; };
		AA0000000000000000000015 /* L10n.swift */ = {isa = PBXFileReference; lastKnownFileType = sourcecode.swift; path = L10n.swift; sourceTree = "<group>"; };
		AA0000000000000000000016 /* Skin.swift */ = {isa = PBXFileReference; lastKnownFileType = sourcecode.swift; path = Skin.swift; sourceTree = "<group>"; };
		AA0000000000000000000017 /* SkinManagerView.swift */ = {isa = PBXFileReference; lastKnownFileType = sourcecode.swift; path = SkinManagerView.swift; sourceTree = "<group>"; };
		AA0000000000000000000018 /* ImageToSprite.swift */ = {isa = PBXFileReference; lastKnownFileType = sourcecode.swift; path = ImageToSprite.swift; sourceTree = "<group>"; };
		AA0000000000000000000019 /* LaunchAtLogin.swift */ = {isa = PBXFileReference; lastKnownFileType = sourcecode.swift; path = LaunchAtLogin.swift; sourceTree = "<group>"; };
		AA0000000000000000000020 /* ClipFolderStore.swift */ = {isa = PBXFileReference; lastKnownFileType = sourcecode.swift; path = ClipFolderStore.swift; sourceTree = "<group>"; };
		AA0000000000000000000021 /* UpdaterController.swift */ = {isa = PBXFileReference; lastKnownFileType = sourcecode.swift; path = UpdaterController.swift; sourceTree = "<group>"; };
		AA0000000000000000000022 /* LicenseManager.swift */ = {isa = PBXFileReference; lastKnownFileType = sourcecode.swift; path = LicenseManager.swift; sourceTree = "<group>"; };
		AA0000000000000000000023 /* LicenseView.swift */ = {isa = PBXFileReference; lastKnownFileType = sourcecode.swift; path = LicenseView.swift; sourceTree = "<group>"; };
		FE777EC5B430A4B5FD97E478 /* Preview Assets.xcassets */ = {isa = PBXFileReference; lastKnownFileType = folder.assetcatalog; path = "Preview Assets.xcassets"; sourceTree = "<group>"; };
/* End PBXFileReference section */

/* Begin PBXFrameworksBuildPhase section */
		45F621BF7527A1BB1F3DDDDF /* Frameworks */ = {
			isa = PBXFrameworksBuildPhase;
			buildActionMask = 2147483647;
			files = (
				9890D5B22FF1142100B44174 /* Sparkle in Frameworks */,
			);
			runOnlyForDeploymentPostprocessing = 0;
		};
/* End PBXFrameworksBuildPhase section */

/* Begin PBXGroup section */
		7DAE76B830CE76B5FFBA7E9E /* Products */ = {
			isa = PBXGroup;
			children = (
				1F72C656AA4459CB3D528B5C /* cliPet.app */,
			);
			name = Products;
			sourceTree = "<group>";
		};
		C4C7EB5F0BE22CA67AAC8555 /* Preview Content */ = {
			isa = PBXGroup;
			children = (
				FE777EC5B430A4B5FD97E478 /* Preview Assets.xcassets */,
			);
			path = "Preview Content";
			sourceTree = "<group>";
		};
		D369E990C01F2C13AC8302DA /* cliPet */ = {
			isa = PBXGroup;
			children = (
				65156133E047B9F9AF0903C3 /* cliPetApp.swift */,
				AA0000000000000000000001 /* AppDelegate.swift */,
				AA0000000000000000000002 /* PetSettings.swift */,
				AA0000000000000000000003 /* ClipboardManager.swift */,
				AA0000000000000000000004 /* PetEngine.swift */,
				AA0000000000000000000005 /* PetController.swift */,
				AA0000000000000000000006 /* PixelCatView.swift */,
				AA0000000000000000000007 /* PetView.swift */,
				AA0000000000000000000008 /* ClipboardHistoryView.swift */,
				AA0000000000000000000009 /* SettingsView.swift */,
				AA0000000000000000000010 /* CatSprites.swift */,
				AA0000000000000000000011 /* PetCatalog.swift */,
				AA0000000000000000000012 /* PixelUI.swift */,
				AA0000000000000000000013 /* SpriteStore.swift */,
				AA0000000000000000000014 /* SpriteEditorView.swift */,
				AA0000000000000000000015 /* L10n.swift */,
				AA0000000000000000000016 /* Skin.swift */,
				AA0000000000000000000017 /* SkinManagerView.swift */,
				AA0000000000000000000018 /* ImageToSprite.swift */,
				AA0000000000000000000019 /* LaunchAtLogin.swift */,
				AA0000000000000000000020 /* ClipFolderStore.swift */,
				AA0000000000000000000021 /* UpdaterController.swift */,
				AA0000000000000000000022 /* LicenseManager.swift */,
				AA0000000000000000000023 /* LicenseView.swift */,
				0AE6514C24CADC0D6E32F2A6 /* Assets.xcassets */,
				C4C7EB5F0BE22CA67AAC8555 /* Preview Content */,
			);
			path = cliPet;
			sourceTree = "<group>";
		};
		EBA04491F50EE3F177B8FE3D = {
			isa = PBXGroup;
			children = (
				D369E990C01F2C13AC8302DA /* cliPet */,
				7DAE76B830CE76B5FFBA7E9E /* Products */,
			);
			sourceTree = "<group>";
		};
/* End PBXGroup section */

/* Begin PBXNativeTarget section */
		D369E990C01F2C13AC8302DAT /* cliPet */ = {
			isa = PBXNativeTarget;
			buildConfigurationList = 3DF8B822B83569D155419916 /* Build configuration list for PBXNativeTarget "cliPet" */;
			buildPhases = (
				0E734384A28C9DC0ADA01340 /* Sources */,
				45F621BF7527A1BB1F3DDDDF /* Frameworks */,
				A14E4175883165C4A0DB2E4B /* Resources */,
			);
			buildRules = (
			);
			dependencies = (
			);
			name = cliPet;
			productName = cliPet;
			productReference = 1F72C656AA4459CB3D528B5C /* cliPet.app */;
			productType = "com.apple.product-type.application";
		};
/* End PBXNativeTarget section */

/* Begin PBXProject section */
		5ACCD00F012806C8035B9BFE /* Project object */ = {
			isa = PBXProject;
			attributes = {
				BuildIndependentTargetsInParallel = 1;
				LastSwiftUpdateCheck = 1540;
				LastUpgradeCheck = 1540;
				TargetAttributes = {
					D369E990C01F2C13AC8302DAT = {
						CreatedOnToolsVersion = 15.4;
					};
				};
			};
			buildConfigurationList = 7DAE76B830CE76B5FFBA7E9E2 /* Build configuration list for PBXProject "cliPet" */;
			compatibilityVersion = "Xcode 14.0";
			developmentRegion = en;
			hasScannedForEncodings = 0;
			knownRegions = (
				en,
				Base,
			);
			mainGroup = EBA04491F50EE3F177B8FE3D;
			packageReferences = (
				9890D5B02FF1142100B44174 /* XCRemoteSwiftPackageReference "Sparkle" */,
			);
			productRefGroup = 7DAE76B830CE76B5FFBA7E9E /* Products */;
			projectDirPath = "";
			projectRoot = "";
			targets = (
				D369E990C01F2C13AC8302DAT /* cliPet */,
			);
		};
/* End PBXProject section */

/* Begin PBXResourcesBuildPhase section */
		A14E4175883165C4A0DB2E4B /* Resources */ = {
			isa = PBXResourcesBuildPhase;
			buildActionMask = 2147483647;
			files = (
				84D100C56611DEAF9CB019F9 /* Preview Assets.xcassets in Resources */,
				DEAF279BFEDFCB8AAEAE1553 /* Assets.xcassets in Resources */,
			);
			runOnlyForDeploymentPostprocessing = 0;
		};
/* End PBXResourcesBuildPhase section */

/* Begin PBXSourcesBuildPhase section */
		0E734384A28C9DC0ADA01340 /* Sources */ = {
			isa = PBXSourcesBuildPhase;
			buildActionMask = 2147483647;
			files = (
				E5DF10AD861F220F8B45E3F3 /* cliPetApp.swift in Sources */,
				BB0000000000000000000001 /* AppDelegate.swift in Sources */,
				BB0000000000000000000002 /* PetSettings.swift in Sources */,
				BB0000000000000000000003 /* ClipboardManager.swift in Sources */,
				BB0000000000000000000004 /* PetEngine.swift in Sources */,
				BB0000000000000000000005 /* PetController.swift in Sources */,
				BB0000000000000000000006 /* PixelCatView.swift in Sources */,
				BB0000000000000000000007 /* PetView.swift in Sources */,
				BB0000000000000000000008 /* ClipboardHistoryView.swift in Sources */,
				BB0000000000000000000009 /* SettingsView.swift in Sources */,
				BB0000000000000000000010 /* CatSprites.swift in Sources */,
				BB0000000000000000000011 /* PetCatalog.swift in Sources */,
				BB0000000000000000000012 /* PixelUI.swift in Sources */,
				BB0000000000000000000013 /* SpriteStore.swift in Sources */,
				BB0000000000000000000014 /* SpriteEditorView.swift in Sources */,
				BB0000000000000000000015 /* L10n.swift in Sources */,
				BB0000000000000000000016 /* Skin.swift in Sources */,
				BB0000000000000000000017 /* SkinManagerView.swift in Sources */,
				BB0000000000000000000018 /* ImageToSprite.swift in Sources */,
				BB0000000000000000000019 /* LaunchAtLogin.swift in Sources */,
				BB0000000000000000000020 /* ClipFolderStore.swift in Sources */,
				BB0000000000000000000021 /* UpdaterController.swift in Sources */,
				BB0000000000000000000022 /* LicenseManager.swift in Sources */,
				BB0000000000000000000023 /* LicenseView.swift in Sources */,
			);
			runOnlyForDeploymentPostprocessing = 0;
		};
/* End PBXSourcesBuildPhase section */

/* Begin XCBuildConfiguration section */
		45173056F9CF311040666E74 /* Release */ = {
			isa = XCBuildConfiguration;
			buildSettings = {
				ALWAYS_SEARCH_USER_PATHS = NO;
				ASSETCATALOG_COMPILER_GENERATE_SWIFT_ASSET_SYMBOL_EXTENSIONS = YES;
				CLANG_ANALYZER_NONNULL = YES;
				CLANG_ANALYZER_NUMBER_OBJECT_CONVERSION = YES_AGGRESSIVE;
				CLANG_CXX_LANGUAGE_STANDARD = "gnu++20";
				CLANG_ENABLE_MODULES = YES;
				CLANG_ENABLE_OBJC_ARC = YES;
				CLANG_ENABLE_OBJC_WEAK = YES;
				CLANG_WARN_BLOCK_CAPTURE_AUTORELEASING = YES;
				CLANG_WARN_BOOL_CONVERSION = YES;
				CLANG_WARN_COMMA = YES;
				CLANG_WARN_CONSTANT_CONVERSION = YES;
				CLANG_WARN_DEPRECATED_OBJC_IMPLEMENTATIONS = YES;
				CLANG_WARN_DIRECT_OBJC_ISA_USAGE = YES_ERROR;
				CLANG_WARN_DOCUMENTATION_COMMENTS = YES;
				CLANG_WARN_EMPTY_BODY = YES;
				CLANG_WARN_ENUM_CONVERSION = YES;
				CLANG_WARN_INFINITE_LOOPS = YES;
				CLANG_WARN_INT_CONVERSION = YES;
				CLANG_WARN_NON_LITERAL_NULL_CONVERSION = YES;
				CLANG_WARN_OBJC_IMPLICIT_RETAIN_SELF = YES;
				CLANG_WARN_OBJC_LITERAL_CONVERSION = YES;
				CLANG_WARN_OBJC_ROOT_CLASS = YES_ERROR;
				CLANG_WARN_QUOTED_INCLUDE_IN_FRAMEWORK_HEADER = YES;
				CLANG_WARN_RANGE_LOOP_ANALYSIS = YES;
				CLANG_WARN_STRICT_PROTOTYPES = YES;
				CLANG_WARN_SUSPICIOUS_MOVE = YES;
				CLANG_WARN_UNGUARDED_AVAILABILITY = YES_AGGRESSIVE;
				CLANG_WARN_UNREACHABLE_CODE = YES;
				CLANG_WARN__DUPLICATE_METHOD_MATCH = YES;
				COPY_PHASE_STRIP = NO;
				DEBUG_INFORMATION_FORMAT = "dwarf-with-dsym";
				ENABLE_NS_ASSERTIONS = NO;
				ENABLE_STRICT_OBJC_MSGSEND = YES;
				ENABLE_USER_SCRIPT_SANDBOXING = YES;
				GCC_C_LANGUAGE_STANDARD = gnu17;
				GCC_NO_COMMON_BLOCKS = YES;
				GCC_WARN_64_TO_32_BIT_CONVERSION = YES;
				GCC_WARN_ABOUT_RETURN_TYPE = YES_ERROR;
				GCC_WARN_UNDECLARED_SELECTOR = YES;
				GCC_WARN_UNINITIALIZED_AUTOS = YES_AGGRESSIVE;
				GCC_WARN_UNUSED_FUNCTION = YES;
				GCC_WARN_UNUSED_VARIABLE = YES;
				MACOSX_DEPLOYMENT_TARGET = 14.0;
				MTL_FAST_MATH = YES;
				SDKROOT = macosx;
				SWIFT_COMPILATION_MODE = wholemodule;
				VALIDATE_PRODUCT = YES;
			};
			name = Release;
		};
		75027BEAEE76482C06551585 /* Debug */ = {
			isa = XCBuildConfiguration;
			buildSettings = {
				ALWAYS_SEARCH_USER_PATHS = NO;
				ASSETCATALOG_COMPILER_GENERATE_SWIFT_ASSET_SYMBOL_EXTENSIONS = YES;
				CLANG_ANALYZER_NONNULL = YES;
				CLANG_ANALYZER_NUMBER_OBJECT_CONVERSION = YES_AGGRESSIVE;
				CLANG_CXX_LANGUAGE_STANDARD = "gnu++20";
				CLANG_ENABLE_MODULES = YES;
				CLANG_ENABLE_OBJC_ARC = YES;
				CLANG_ENABLE_OBJC_WEAK = YES;
				CLANG_WARN_BLOCK_CAPTURE_AUTORELEASING = YES;
				CLANG_WARN_BOOL_CONVERSION = YES;
				CLANG_WARN_COMMA = YES;
				CLANG_WARN_CONSTANT_CONVERSION = YES;
				CLANG_WARN_DEPRECATED_OBJC_IMPLEMENTATIONS = YES;
				CLANG_WARN_DIRECT_OBJC_ISA_USAGE = YES_ERROR;
				CLANG_WARN_DOCUMENTATION_COMMENTS = YES;
				CLANG_WARN_EMPTY_BODY = YES;
				CLANG_WARN_ENUM_CONVERSION = YES;
				CLANG_WARN_INFINITE_LOOPS = YES;
				CLANG_WARN_INT_CONVERSION = YES;
				CLANG_WARN_NON_LITERAL_NULL_CONVERSION = YES;
				CLANG_WARN_OBJC_IMPLICIT_RETAIN_SELF = YES;
				CLANG_WARN_OBJC_LITERAL_CONVERSION = YES;
				CLANG_WARN_OBJC_ROOT_CLASS = YES_ERROR;
				CLANG_WARN_QUOTED_INCLUDE_IN_FRAMEWORK_HEADER = YES;
				CLANG_WARN_RANGE_LOOP_ANALYSIS = YES;
				CLANG_WARN_STRICT_PROTOTYPES = YES;
				CLANG_WARN_SUSPICIOUS_MOVE = YES;
				CLANG_WARN_UNGUARDED_AVAILABILITY = YES_AGGRESSIVE;
				CLANG_WARN_UNREACHABLE_CODE = YES;
				CLANG_WARN__DUPLICATE_METHOD_MATCH = YES;
				COPY_PHASE_STRIP = NO;
				DEBUG_INFORMATION_FORMAT = dwarf;
				ENABLE_STRICT_OBJC_MSGSEND = YES;
				ENABLE_TESTABILITY = YES;
				ENABLE_USER_SCRIPT_SANDBOXING = YES;
				GCC_C_LANGUAGE_STANDARD = gnu17;
				GCC_DYNAMIC_NO_PIC = NO;
				GCC_NO_COMMON_BLOCKS = YES;
				GCC_OPTIMIZATION_LEVEL = 0;
				GCC_PREPROCESSOR_DEFINITIONS = (
					"DEBUG=1",
					"$(inherited)",
				);
				GCC_WARN_64_TO_32_BIT_CONVERSION = YES;
				GCC_WARN_ABOUT_RETURN_TYPE = YES_ERROR;
				GCC_WARN_UNDECLARED_SELECTOR = YES;
				GCC_WARN_UNINITIALIZED_AUTOS = YES_AGGRESSIVE;
				GCC_WARN_UNUSED_FUNCTION = YES;
				GCC_WARN_UNUSED_VARIABLE = YES;
				MACOSX_DEPLOYMENT_TARGET = 14.0;
				MTL_ENABLE_DEBUG_INFO = INCLUDE_SOURCE;
				MTL_FAST_MATH = YES;
				ONLY_ACTIVE_ARCH = YES;
				SDKROOT = macosx;
				SWIFT_ACTIVE_COMPILATION_CONDITIONS = "DEBUG $(inherited)";
				SWIFT_OPTIMIZATION_LEVEL = "-Onone";
			};
			name = Debug;
		};
		91CD33DE80A7EEE9342A023C /* Release */ = {
			isa = XCBuildConfiguration;
			buildSettings = {
				ASSETCATALOG_COMPILER_APPICON_NAME = AppIcon;
				ASSETCATALOG_COMPILER_GLOBAL_ACCENT_COLOR_NAME = AccentColor;
				CODE_SIGN_STYLE = Automatic;
				CURRENT_PROJECT_VERSION = 1;
				DEVELOPMENT_ASSET_PATHS = "\"cliPet/Preview Content\"";
				ENABLE_PREVIEWS = YES;
				GENERATE_INFOPLIST_FILE = NO;
				INFOPLIST_FILE = cliPet/Info.plist;
				LD_RUNPATH_SEARCH_PATHS = (
					"$(inherited)",
					"@executable_path/Frameworks",
				);
				MARKETING_VERSION = 1.0;
				PRODUCT_BUNDLE_IDENTIFIER = com.clipet;
				PRODUCT_NAME = "$(TARGET_NAME)";
				SWIFT_EMIT_LOC_STRINGS = YES;
				SWIFT_VERSION = 5.0;
			};
			name = Release;
		};
		C4C7EB5F0BE22CA67AAC85552 /* Debug */ = {
			isa = XCBuildConfiguration;
			buildSettings = {
				ASSETCATALOG_COMPILER_APPICON_NAME = AppIcon;
				ASSETCATALOG_COMPILER_GLOBAL_ACCENT_COLOR_NAME = AccentColor;
				CODE_SIGN_STYLE = Automatic;
				CURRENT_PROJECT_VERSION = 1;
				DEVELOPMENT_ASSET_PATHS = "\"cliPet/Preview Content\"";
				ENABLE_PREVIEWS = YES;
				GENERATE_INFOPLIST_FILE = NO;
				INFOPLIST_FILE = cliPet/Info.plist;
				LD_RUNPATH_SEARCH_PATHS = (
					"$(inherited)",
					"@executable_path/Frameworks",
				);
				MARKETING_VERSION = 1.0;
				PRODUCT_BUNDLE_IDENTIFIER = com.clipet;
				PRODUCT_NAME = "$(TARGET_NAME)";
				SWIFT_EMIT_LOC_STRINGS = YES;
				SWIFT_VERSION = 5.0;
			};
			name = Debug;
		};
/* End XCBuildConfiguration section */

/* Begin XCConfigurationList section */
		3DF8B822B83569D155419916 /* Build configuration list for PBXNativeTarget "cliPet" */ = {
			isa = XCConfigurationList;
			buildConfigurations = (
				C4C7EB5F0BE22CA67AAC85552 /* Debug */,
				91CD33DE80A7EEE9342A023C /* Release */,
			);
			defaultConfigurationIsVisible = 0;
			defaultConfigurationName = Release;
		};
		7DAE76B830CE76B5FFBA7E9E2 /* Build configuration list for PBXProject "cliPet" */ = {
			isa = XCConfigurationList;
			buildConfigurations = (
				75027BEAEE76482C06551585 /* Debug */,
				45173056F9CF311040666E74 /* Release */,
			);
			defaultConfigurationIsVisible = 0;
			defaultConfigurationName = Release;
		};
/* End XCConfigurationList section */

/* Begin XCRemoteSwiftPackageReference section */
		9890D5B02FF1142100B44174 /* XCRemoteSwiftPackageReference "Sparkle" */ = {
			isa = XCRemoteSwiftPackageReference;
			repositoryURL = "https://github.com/sparkle-project/Sparkle";
			requirement = {
				kind = upToNextMajorVersion;
				minimumVersion = 2.9.3;
			};
		};
/* End XCRemoteSwiftPackageReference section */

/* Begin XCSwiftPackageProductDependency section */
		9890D5B12FF1142100B44174 /* Sparkle */ = {
			isa = XCSwiftPackageProductDependency;
			package = 9890D5B02FF1142100B44174 /* XCRemoteSwiftPackageReference "Sparkle" */;
			productName = Sparkle;
		};
/* End XCSwiftPackageProductDependency section */
	};
	rootObject = 5ACCD00F012806C8035B9BFE /* Project object */;
}
